
Microsoft Visual Studio Solution File, Format Version 12.00
# Visual Studio 15
VisualStudioVersion = 15.0.27130.2027
MinimumVisualStudioVersion = 10.0.40219.1
Project("{FAE04EC0-301F-11D3-BF4B-00C04F79EFBC}") = "AgencyTransaction", "AgencyTransaction\AgencyTransaction.csproj", "{2B3D92C9-CBCD-4AF7-9135-20CD97143ACF}"
EndProject
Project("{FAE04EC0-301F-11D3-BF4B-00C04F79EFBC}") = "Lock", "Lock\Lock.csproj", "{02F32860-7875-4D48-BB8C-FCD121845C6F}"
EndProject
Project("{FAE04EC0-301F-11D3-BF4B-00C04F79EFBC}") = "HelloWorld", "HelloWorld\HelloWorld.csproj", "{BB4BA99D-2AA8-436B-892D-F82375E565B5}"
EndProject
Project("{FAE04EC0-301F-11D3-BF4B-00C04F79EFBC}") = "Domain", "Domain\Domain.csproj", "{F6ED9982-E374-4A37-8332-CE4368A9B802}"
EndProject
Project("{FAE04EC0-301F-11D3-BF4B-00C04F79EFBC}") = "StructExample", "StructExample\StructExample.csproj", "{6777CA72-89CB-4FDD-84C3-BC82A440CD58}"
EndProject
Project("{FAE04EC0-301F-11D3-BF4B-00C04F79EFBC}") = "ICO_Template", "ICO_Template\ICO_Template.csproj", "{5DE79897-0F79-48F7-95C1-92B4A73170C6}"
EndProject
Project("{FAE04EC0-301F-11D3-BF4B-00C04F79EFBC}") = "StructExample2", "StructExample2\StructExample2.csproj", "{E4C96E9B-F0B7-455B-814E-9D923EA87613}"
EndProject
Project("{FAE04EC0-301F-11D3-BF4B-00C04F79EFBC}") = "StructExample3Combined", "StructExample3Combined\StructExample3Combined.csproj", "{DCF801C1-47CF-4FAB-9C02-6CE0C0933F92}"
EndProject
Project("{FAE04EC0-301F-11D3-BF4B-00C04F79EFBC}") = "Transactions1", "Transactions1\Transactions1.csproj", "{DBDEBDFA-FC1F-4D88-A6FC-11EC8F381F92}"
EndProject
Project("{FAE04EC0-301F-11D3-BF4B-00C04F79EFBC}") = "TransAsDisplayOrderBytesTest1", "TransAsDisplayOrderBytesTest1\TransAsDisplayOrderBytesTest1.csproj", "{407B527C-41AB-45CB-954E-076017F9BB5F}"
EndProject
Project("{FAE04EC0-301F-11D3-BF4B-00C04F79EFBC}") = "Transactions1Small", "Transactions1Small\Transactions1Small.csproj", "{176AE55C-6FC3-40D0-8C7F-EB30E0CE4A33}"
EndProject
Project("{FAE04EC0-301F-11D3-BF4B-00C04F79EFBC}") = "RuntimeLogTesting1", "RuntimeLogTesting1\RuntimeLogTesting1.csproj", "{65447C6B-29CC-46A7-8DC1-D3E9F44847BF}"
EndProject
Project("{FAE04EC0-301F-11D3-BF4B-00C04F79EFBC}") = "Transactions2", "Transactions2\Transactions2.csproj", "{099F8865-2835-4AAA-9824-35E8845B7280}"
EndProject
Project("{FAE04EC0-301F-11D3-BF4B-00C04F79EFBC}") = "Accounts1", "Accounts1\Accounts1.csproj", "{D1E425B3-47D9-4BCA-87D0-249321E35CE0}"
EndProject
Project("{FAE04EC0-301F-11D3-BF4B-00C04F79EFBC}") = "VMTester1", "VMTester1\VMTester1.csproj", "{1A13DEF9-79CC-4F65-A926-42843B43F5A8}"
EndProject
Project("{FAE04EC0-301F-11D3-BF4B-00C04F79EFBC}") = "VMTester2", "VMTester2\VMTester2.csproj", "{E7EF23EE-3B2A-421A-898A-21E6288AFC5E}"
EndProject
Project("{FAE04EC0-301F-11D3-BF4B-00C04F79EFBC}") = "Transactions2Small", "Transactions2Small\Transactions2Small.csproj", "{A337B7D2-4F32-427F-B5B4-B6B056D4F0B5}"
EndProject
Project("{FAE04EC0-301F-11D3-BF4B-00C04F79EFBC}") = "Transactions3Small", "Transactions3Small\Transactions3Small.csproj", "{A549ED49-E235-4241-8384-4AC7FBF79775}"
EndProject
Project("{FAE04EC0-301F-11D3-BF4B-00C04F79EFBC}") = "Transactions4Small", "Transactions4Small\Transactions4Small.csproj", "{82DC23BE-E109-434F-8BA6-7A15EB88D9C5}"
EndProject
Project("{FAE04EC0-301F-11D3-BF4B-00C04F79EFBC}") = "StructExample4Combined", "StructExample4Combined\StructExample4Combined.csproj", "{2A4B9F7A-AC3A-4732-B3EE-7E9FF731201C}"
EndProject
Project("{FAE04EC0-301F-11D3-BF4B-00C04F79EFBC}") = "ReturnOperation1", "ReturnOperation1\ReturnOperation1.csproj", "{4F059B5B-A4F9-4E18-A4F0-ADB1FC87C838}"
EndProject
Project("{FAE04EC0-301F-11D3-BF4B-00C04F79EFBC}") = "BitcoinSecret1", "BitcoinSecret1\BitcoinSecret1.csproj", "{8530E904-E76A-4B03-8514-6716DC8CBE76}"
EndProject
Project("{FAE04EC0-301F-11D3-BF4B-00C04F79EFBC}") = "ContractAccount1", "ContractAccount1\ContractAccount1.csproj", "{A13DD802-D33B-4376-975B-C36ECEB7AEC8}"
EndProject
Global
	GlobalSection(SolutionConfigurationPlatforms) = preSolution
		Debug|Any CPU = Debug|Any CPU
		Release|Any CPU = Release|Any CPU
	EndGlobalSection
	GlobalSection(ProjectConfigurationPlatforms) = postSolution
		{2B3D92C9-CBCD-4AF7-9135-20CD97143ACF}.Debug|Any CPU.ActiveCfg = Debug|Any CPU
		{2B3D92C9-CBCD-4AF7-9135-20CD97143ACF}.Debug|Any CPU.Build.0 = Debug|Any CPU
		{2B3D92C9-CBCD-4AF7-9135-20CD97143ACF}.Release|Any CPU.ActiveCfg = Release|Any CPU
		{2B3D92C9-CBCD-4AF7-9135-20CD97143ACF}.Release|Any CPU.Build.0 = Release|Any CPU
		{02F32860-7875-4D48-BB8C-FCD121845C6F}.Debug|Any CPU.ActiveCfg = Debug|Any CPU
		{02F32860-7875-4D48-BB8C-FCD121845C6F}.Debug|Any CPU.Build.0 = Debug|Any CPU
		{02F32860-7875-4D48-BB8C-FCD121845C6F}.Release|Any CPU.ActiveCfg = Release|Any CPU
		{02F32860-7875-4D48-BB8C-FCD121845C6F}.Release|Any CPU.Build.0 = Release|Any CPU
		{BB4BA99D-2AA8-436B-892D-F82375E565B5}.Debug|Any CPU.ActiveCfg = Debug|Any CPU
		{BB4BA99D-2AA8-436B-892D-F82375E565B5}.Debug|Any CPU.Build.0 = Debug|Any CPU
		{BB4BA99D-2AA8-436B-892D-F82375E565B5}.Release|Any CPU.ActiveCfg = Release|Any CPU
		{BB4BA99D-2AA8-436B-892D-F82375E565B5}.Release|Any CPU.Build.0 = Release|Any CPU
		{F6ED9982-E374-4A37-8332-CE4368A9B802}.Debug|Any CPU.ActiveCfg = Debug|Any CPU
		{F6ED9982-E374-4A37-8332-CE4368A9B802}.Debug|Any CPU.Build.0 = Debug|Any CPU
		{F6ED9982-E374-4A37-8332-CE4368A9B802}.Release|Any CPU.ActiveCfg = Release|Any CPU
		{F6ED9982-E374-4A37-8332-CE4368A9B802}.Release|Any CPU.Build.0 = Release|Any CPU
		{6777CA72-89CB-4FDD-84C3-BC82A440CD58}.Debug|Any CPU.ActiveCfg = Debug|Any CPU
		{6777CA72-89CB-4FDD-84C3-BC82A440CD58}.Debug|Any CPU.Build.0 = Debug|Any CPU
		{6777CA72-89CB-4FDD-84C3-BC82A440CD58}.Release|Any CPU.ActiveCfg = Release|Any CPU
		{6777CA72-89CB-4FDD-84C3-BC82A440CD58}.Release|Any CPU.Build.0 = Release|Any CPU
		{5DE79897-0F79-48F7-95C1-92B4A73170C6}.Debug|Any CPU.ActiveCfg = Debug|Any CPU
		{5DE79897-0F79-48F7-95C1-92B4A73170C6}.Debug|Any CPU.Build.0 = Debug|Any CPU
		{5DE79897-0F79-48F7-95C1-92B4A73170C6}.Release|Any CPU.ActiveCfg = Release|Any CPU
		{5DE79897-0F79-48F7-95C1-92B4A73170C6}.Release|Any CPU.Build.0 = Release|Any CPU
		{E4C96E9B-F0B7-455B-814E-9D923EA87613}.Debug|Any CPU.ActiveCfg = Debug|Any CPU
		{E4C96E9B-F0B7-455B-814E-9D923EA87613}.Debug|Any CPU.Build.0 = Debug|Any CPU
		{E4C96E9B-F0B7-455B-814E-9D923EA87613}.Release|Any CPU.ActiveCfg = Release|Any CPU
		{E4C96E9B-F0B7-455B-814E-9D923EA87613}.Release|Any CPU.Build.0 = Release|Any CPU
		{DCF801C1-47CF-4FAB-9C02-6CE0C0933F92}.Debug|Any CPU.ActiveCfg = Debug|Any CPU
		{DCF801C1-47CF-4FAB-9C02-6CE0C0933F92}.Debug|Any CPU.Build.0 = Debug|Any CPU
		{DCF801C1-47CF-4FAB-9C02-6CE0C0933F92}.Release|Any CPU.ActiveCfg = Release|Any CPU
		{DCF801C1-47CF-4FAB-9C02-6CE0C0933F92}.Release|Any CPU.Build.0 = Release|Any CPU
		{DBDEBDFA-FC1F-4D88-A6FC-11EC8F381F92}.Debug|Any CPU.ActiveCfg = Debug|Any CPU
		{DBDEBDFA-FC1F-4D88-A6FC-11EC8F381F92}.Debug|Any CPU.Build.0 = Debug|Any CPU
		{DBDEBDFA-FC1F-4D88-A6FC-11EC8F381F92}.Release|Any CPU.ActiveCfg = Release|Any CPU
		{DBDEBDFA-FC1F-4D88-A6FC-11EC8F381F92}.Release|Any CPU.Build.0 = Release|Any CPU
		{407B527C-41AB-45CB-954E-076017F9BB5F}.Debug|Any CPU.ActiveCfg = Debug|Any CPU
		{407B527C-41AB-45CB-954E-076017F9BB5F}.Debug|Any CPU.Build.0 = Debug|Any CPU
		{407B527C-41AB-45CB-954E-076017F9BB5F}.Release|Any CPU.ActiveCfg = Release|Any CPU
		{407B527C-41AB-45CB-954E-076017F9BB5F}.Release|Any CPU.Build.0 = Release|Any CPU
		{176AE55C-6FC3-40D0-8C7F-EB30E0CE4A33}.Debug|Any CPU.ActiveCfg = Debug|Any CPU
		{176AE55C-6FC3-40D0-8C7F-EB30E0CE4A33}.Debug|Any CPU.Build.0 = Debug|Any CPU
		{176AE55C-6FC3-40D0-8C7F-EB30E0CE4A33}.Release|Any CPU.ActiveCfg = Release|Any CPU
		{176AE55C-6FC3-40D0-8C7F-EB30E0CE4A33}.Release|Any CPU.Build.0 = Release|Any CPU
		{65447C6B-29CC-46A7-8DC1-D3E9F44847BF}.Debug|Any CPU.ActiveCfg = Debug|Any CPU
		{65447C6B-29CC-46A7-8DC1-D3E9F44847BF}.Debug|Any CPU.Build.0 = Debug|Any CPU
		{65447C6B-29CC-46A7-8DC1-D3E9F44847BF}.Release|Any CPU.ActiveCfg = Release|Any CPU
		{65447C6B-29CC-46A7-8DC1-D3E9F44847BF}.Release|Any CPU.Build.0 = Release|Any CPU
		{099F8865-2835-4AAA-9824-35E8845B7280}.Debug|Any CPU.ActiveCfg = Debug|Any CPU
		{099F8865-2835-4AAA-9824-35E8845B7280}.Debug|Any CPU.Build.0 = Debug|Any CPU
		{099F8865-2835-4AAA-9824-35E8845B7280}.Release|Any CPU.ActiveCfg = Release|Any CPU
		{099F8865-2835-4AAA-9824-35E8845B7280}.Release|Any CPU.Build.0 = Release|Any CPU
		{D1E425B3-47D9-4BCA-87D0-249321E35CE0}.Debug|Any CPU.ActiveCfg = Debug|Any CPU
		{D1E425B3-47D9-4BCA-87D0-249321E35CE0}.Debug|Any CPU.Build.0 = Debug|Any CPU
		{D1E425B3-47D9-4BCA-87D0-249321E35CE0}.Release|Any CPU.ActiveCfg = Release|Any CPU
		{D1E425B3-47D9-4BCA-87D0-249321E35CE0}.Release|Any CPU.Build.0 = Release|Any CPU
		{1A13DEF9-79CC-4F65-A926-42843B43F5A8}.Debug|Any CPU.ActiveCfg = Debug|Any CPU
		{1A13DEF9-79CC-4F65-A926-42843B43F5A8}.Debug|Any CPU.Build.0 = Debug|Any CPU
		{1A13DEF9-79CC-4F65-A926-42843B43F5A8}.Release|Any CPU.ActiveCfg = Release|Any CPU
		{1A13DEF9-79CC-4F65-A926-42843B43F5A8}.Release|Any CPU.Build.0 = Release|Any CPU
		{E7EF23EE-3B2A-421A-898A-21E6288AFC5E}.Debug|Any CPU.ActiveCfg = Debug|Any CPU
		{E7EF23EE-3B2A-421A-898A-21E6288AFC5E}.Debug|Any CPU.Build.0 = Debug|Any CPU
		{E7EF23EE-3B2A-421A-898A-21E6288AFC5E}.Release|Any CPU.ActiveCfg = Release|Any CPU
		{E7EF23EE-3B2A-421A-898A-21E6288AFC5E}.Release|Any CPU.Build.0 = Release|Any CPU
		{A337B7D2-4F32-427F-B5B4-B6B056D4F0B5}.Debug|Any CPU.ActiveCfg = Debug|Any CPU
		{A337B7D2-4F32-427F-B5B4-B6B056D4F0B5}.Debug|Any CPU.Build.0 = Debug|Any CPU
		{A337B7D2-4F32-427F-B5B4-B6B056D4F0B5}.Release|Any CPU.ActiveCfg = Release|Any CPU
		{A337B7D2-4F32-427F-B5B4-B6B056D4F0B5}.Release|Any CPU.Build.0 = Release|Any CPU
		{A549ED49-E235-4241-8384-4AC7FBF79775}.Debug|Any CPU.ActiveCfg = Debug|Any CPU
		{A549ED49-E235-4241-8384-4AC7FBF79775}.Debug|Any CPU.Build.0 = Debug|Any CPU
		{A549ED49-E235-4241-8384-4AC7FBF79775}.Release|Any CPU.ActiveCfg = Release|Any CPU
		{A549ED49-E235-4241-8384-4AC7FBF79775}.Release|Any CPU.Build.0 = Release|Any CPU
		{82DC23BE-E109-434F-8BA6-7A15EB88D9C5}.Debug|Any CPU.ActiveCfg = Debug|Any CPU
		{82DC23BE-E109-434F-8BA6-7A15EB88D9C5}.Debug|Any CPU.Build.0 = Debug|Any CPU
		{82DC23BE-E109-434F-8BA6-7A15EB88D9C5}.Release|Any CPU.ActiveCfg = Release|Any CPU
		{82DC23BE-E109-434F-8BA6-7A15EB88D9C5}.Release|Any CPU.Build.0 = Release|Any CPU
		{2A4B9F7A-AC3A-4732-B3EE-7E9FF731201C}.Debug|Any CPU.ActiveCfg = Debug|Any CPU
		{2A4B9F7A-AC3A-4732-B3EE-7E9FF731201C}.Debug|Any CPU.Build.0 = Debug|Any CPU
		{2A4B9F7A-AC3A-4732-B3EE-7E9FF731201C}.Release|Any CPU.ActiveCfg = Release|Any CPU
		{2A4B9F7A-AC3A-4732-B3EE-7E9FF731201C}.Release|Any CPU.Build.0 = Release|Any CPU
		{4F059B5B-A4F9-4E18-A4F0-ADB1FC87C838}.Debug|Any CPU.ActiveCfg = Debug|Any CPU
		{4F059B5B-A4F9-4E18-A4F0-ADB1FC87C838}.Debug|Any CPU.Build.0 = Debug|Any CPU
		{4F059B5B-A4F9-4E18-A4F0-ADB1FC87C838}.Release|Any CPU.ActiveCfg = Release|Any CPU
		{4F059B5B-A4F9-4E18-A4F0-ADB1FC87C838}.Release|Any CPU.Build.0 = Release|Any CPU
		{8530E904-E76A-4B03-8514-6716DC8CBE76}.Debug|Any CPU.ActiveCfg = Debug|Any CPU
		{8530E904-E76A-4B03-8514-6716DC8CBE76}.Debug|Any CPU.Build.0 = Debug|Any CPU
		{8530E904-E76A-4B03-8514-6716DC8CBE76}.Release|Any CPU.ActiveCfg = Release|Any CPU
		{8530E904-E76A-4B03-8514-6716DC8CBE76}.Release|Any CPU.Build.0 = Release|Any CPU
		{A13DD802-D33B-4376-975B-C36ECEB7AEC8}.Debug|Any CPU.ActiveCfg = Debug|Any CPU
		{A13DD802-D33B-4376-975B-C36ECEB7AEC8}.Debug|Any CPU.Build.0 = Debug|Any CPU
		{A13DD802-D33B-4376-975B-C36ECEB7AEC8}.Release|Any CPU.ActiveCfg = Release|Any CPU
		{A13DD802-D33B-4376-975B-C36ECEB7AEC8}.Release|Any CPU.Build.0 = Release|Any CPU
	EndGlobalSection
	GlobalSection(SolutionProperties) = preSolution
		HideSolutionNode = FALSE
	EndGlobalSection
	GlobalSection(ExtensibilityGlobals) = postSolution
		SolutionGuid = {169EC3B8-6AF3-4326-A39C-07FB940E4DEB}
	EndGlobalSection
EndGlobal
